
Microsoft Visual Studio Solution File, Format Version 12.00
# Visual Studio Version 17
VisualStudioVersion = 17.9.34902.65
MinimumVisualStudioVersion = 10.0.40219.1
Project("{2150E333-8FDC-42A3-9474-1A3956D46DE8}") = "Services", "Services", "{0DCF8949-1880-42BD-B66B-E2308FD43F55}"
EndProject
Project("{2150E333-8FDC-42A3-9474-1A3956D46DE8}") = "Catalog", "Catalog", "{99FAD00A-F8A2-4AA2-842D-2F751739595D}"
EndProject
Project("{9A19103F-16F7-4668-BE54-9A1E7A4F7556}") = "Catalog.Api", "Services\Catalog\Catalog.Api\Catalog.Api.csproj", "{F17B7B79-ED63-420A-A16E-465F55A5001E}"
EndProject
Project("{2150E333-8FDC-42A3-9474-1A3956D46DE8}") = "BuildingBlocks", "BuildingBlocks", "{C47A65F3-CC56-4C7A-B97A-9041ADA1AD7D}"
EndProject
Project("{E53339B2-1760-4266-BCC7-CA923CBCF16C}") = "docker-compose", "docker-compose.dcproj", "{BC3054A4-8407-4DBD-8B02-DE62F9697432}"
EndProject
Project("{9A19103F-16F7-4668-BE54-9A1E7A4F7556}") = "BuildingBlocks", "BuildingBlocks\BuildingBlocks\BuildingBlocks.csproj", "{6C76AD20-0693-4AB5-A775-DC17B81ABB24}"
EndProject
Project("{2150E333-8FDC-42A3-9474-1A3956D46DE8}") = "Basket", "Basket", "{FA00C537-ED13-4DB7-BD6B-557BCBDD8859}"
EndProject
Project("{9A19103F-16F7-4668-BE54-9A1E7A4F7556}") = "Basket.API", "Services\Basket\Basket.API\Basket.API.csproj", "{44DC6412-88B8-4607-830B-3410C20459D4}"
EndProject
Project("{2150E333-8FDC-42A3-9474-1A3956D46DE8}") = "Discount", "Discount", "{5C3F8DC6-D8A3-4A76-9825-193989C437EB}"
EndProject
Project("{9A19103F-16F7-4668-BE54-9A1E7A4F7556}") = "Discount.Grpc", "Services\Discount\Discount.Grpc\Discount.Grpc.csproj", "{53260CCF-7B28-494E-82BE-EB05661E3FDA}"
EndProject
Project("{2150E333-8FDC-42A3-9474-1A3956D46DE8}") = "Ordering", "Ordering", "{D95FB52F-2314-4C91-91D9-758C13A0658D}"
EndProject
Project("{FAE04EC0-301F-11D3-BF4B-00C04F79EFBC}") = "Ordering.API", "Services\Ordering\Ordering.API\Ordering.API.csproj", "{6FBD4A07-C853-453B-8208-3CF630196EC3}"
EndProject
Global
	GlobalSection(SolutionConfigurationPlatforms) = preSolution
		Debug|Any CPU = Debug|Any CPU
		Release|Any CPU = Release|Any CPU
	EndGlobalSection
	GlobalSection(ProjectConfigurationPlatforms) = postSolution
		{F17B7B79-ED63-420A-A16E-465F55A5001E}.Debug|Any CPU.ActiveCfg = Debug|Any CPU
		{F17B7B79-ED63-420A-A16E-465F55A5001E}.Debug|Any CPU.Build.0 = Debug|Any CPU
		{F17B7B79-ED63-420A-A16E-465F55A5001E}.Release|Any CPU.ActiveCfg = Release|Any CPU
		{F17B7B79-ED63-420A-A16E-465F55A5001E}.Release|Any CPU.Build.0 = Release|Any CPU
		{BC3054A4-8407-4DBD-8B02-DE62F9697432}.Debug|Any CPU.ActiveCfg = Debug|Any CPU
		{BC3054A4-8407-4DBD-8B02-DE62F9697432}.Debug|Any CPU.Build.0 = Debug|Any CPU
		{BC3054A4-8407-4DBD-8B02-DE62F9697432}.Release|Any CPU.ActiveCfg = Release|Any CPU
		{BC3054A4-8407-4DBD-8B02-DE62F9697432}.Release|Any CPU.Build.0 = Release|Any CPU
		{6C76AD20-0693-4AB5-A775-DC17B81ABB24}.Debug|Any CPU.ActiveCfg = Debug|Any CPU
		{6C76AD20-0693-4AB5-A775-DC17B81ABB24}.Debug|Any CPU.Build.0 = Debug|Any CPU
		{6C76AD20-0693-4AB5-A775-DC17B81ABB24}.Release|Any CPU.ActiveCfg = Release|Any CPU
		{6C76AD20-0693-4AB5-A775-DC17B81ABB24}.Release|Any CPU.Build.0 = Release|Any CPU
		{44DC6412-88B8-4607-830B-3410C20459D4}.Debug|Any CPU.ActiveCfg = Debug|Any CPU
		{44DC6412-88B8-4607-830B-3410C20459D4}.Debug|Any CPU.Build.0 = Debug|Any CPU
		{44DC6412-88B8-4607-830B-3410C20459D4}.Release|Any CPU.ActiveCfg = Release|Any CPU
		{44DC6412-88B8-4607-830B-3410C20459D4}.Release|Any CPU.Build.0 = Release|Any CPU
		{53260CCF-7B28-494E-82BE-EB05661E3FDA}.Debug|Any CPU.ActiveCfg = Debug|Any CPU
		{53260CCF-7B28-494E-82BE-EB05661E3FDA}.Debug|Any CPU.Build.0 = Debug|Any CPU
		{53260CCF-7B28-494E-82BE-EB05661E3FDA}.Release|Any CPU.ActiveCfg = Release|Any CPU
		{53260CCF-7B28-494E-82BE-EB05661E3FDA}.Release|Any CPU.Build.0 = Release|Any CPU
		{6FBD4A07-C853-453B-8208-3CF630196EC3}.Debug|Any CPU.ActiveCfg = Debug|Any CPU
		{6FBD4A07-C853-453B-8208-3CF630196EC3}.Debug|Any CPU.Build.0 = Debug|Any CPU
		{6FBD4A07-C853-453B-8208-3CF630196EC3}.Release|Any CPU.ActiveCfg = Release|Any CPU
		{6FBD4A07-C853-453B-8208-3CF630196EC3}.Release|Any CPU.Build.0 = Release|Any CPU
	EndGlobalSection
	GlobalSection(SolutionProperties) = preSolution
		HideSolutionNode = FALSE
	EndGlobalSection
	GlobalSection(NestedProjects) = preSolution
		{99FAD00A-F8A2-4AA2-842D-2F751739595D} = {0DCF8949-1880-42BD-B66B-E2308FD43F55}
		{F17B7B79-ED63-420A-A16E-465F55A5001E} = {99FAD00A-F8A2-4AA2-842D-2F751739595D}
		{6C76AD20-0693-4AB5-A775-DC17B81ABB24} = {C47A65F3-CC56-4C7A-B97A-9041ADA1AD7D}
		{FA00C537-ED13-4DB7-BD6B-557BCBDD8859} = {0DCF8949-1880-42BD-B66B-E2308FD43F55}
		{44DC6412-88B8-4607-830B-3410C20459D4} = {FA00C537-ED13-4DB7-BD6B-557BCBDD8859}
		{5C3F8DC6-D8A3-4A76-9825-193989C437EB} = {0DCF8949-1880-42BD-B66B-E2308FD43F55}
		{53260CCF-7B28-494E-82BE-EB05661E3FDA} = {5C3F8DC6-D8A3-4A76-9825-193989C437EB}
		{D95FB52F-2314-4C91-91D9-758C13A0658D} = {0DCF8949-1880-42BD-B66B-E2308FD43F55}
		{6FBD4A07-C853-453B-8208-3CF630196EC3} = {D95FB52F-2314-4C91-91D9-758C13A0658D}
	EndGlobalSection
	GlobalSection(ExtensibilityGlobals) = postSolution
		SolutionGuid = {9BF4AB1A-937E-4652-A410-6DACD8DACF13}
	EndGlobalSection
EndGlobal
